
Microsoft Visual Studio Solution File, Format Version 12.00
# Visual Studio Version 17
VisualStudioVersion = 17.14.36518.9
MinimumVisualStudioVersion = 10.0.40219.1
Project("{FAE04EC0-301F-11D3-BF4B-00C04F79EFBC}") = "WorkerDemoApp.API", "WorkerDemoApp.API\WorkerDemoApp.API.csproj", "{AD50F1DC-5E56-4297-92FC-5BF2DD66522C}"
EndProject
Global
	GlobalSection(SolutionConfigurationPlatforms) = preSolution
		Debug|Any CPU = Debug|Any CPU
		Release|Any CPU = Release|Any CPU
	EndGlobalSection
	GlobalSection(ProjectConfigurationPlatforms) = postSolution
		{AD50F1DC-5E56-4297-92FC-5BF2DD66522C}.Debug|Any CPU.ActiveCfg = Debug|Any CPU
		{AD50F1DC-5E56-4297-92FC-5BF2DD66522C}.Debug|Any CPU.Build.0 = Debug|Any CPU
		{AD50F1DC-5E56-4297-92FC-5BF2DD66522C}.Release|Any CPU.ActiveCfg = Release|Any CPU
		{AD50F1DC-5E56-4297-92FC-5BF2DD66522C}.Release|Any CPU.Build.0 = Release|Any CPU
	EndGlobalSection
	GlobalSection(SolutionProperties) = preSolution
		HideSolutionNode = FALSE
	EndGlobalSection
	GlobalSection(ExtensibilityGlobals) = postSolution
		SolutionGuid = {06A7ECAF-4A20-4AE4-94ED-8A652440AF2E}
	EndGlobalSection
EndGlobal
